{
    "name": "@konghayao/image-text",
    "version": "1.0.0",
    "lockfileVersion": 2,
    "requires": true,
    "packages": {
        "": {
            "name": "@konghayao/image-text",
            "version": "1.0.0",
            "hasInstallScript": true,
            "license": "ISC",
            "dependencies": {
                "@woff2/woff2-rs": "^1.0.1",
                "imagescript": "^1.2.16"
            },
            "devDependencies": {
                "@woff2/woff2-rs-win32-x64-msvc": "^1.0.1"
            }
        },
        "../../node_modules/.pnpm/@woff2+woff2-rs@1.0.1/node_modules/@woff2/woff2-rs": {
            "version": "1.0.1",
            "license": "MIT",
            "devDependencies": {
                "@napi-rs/cli": "^2.14.6",
                "@napi-rs/ttf2woff2": "^0.0.5",
                "@swc-node/register": "^1.5.5",
                "@swc/core": "^1.3.32",
                "@types/node": "^18.11.19",
                "@typescript-eslint/eslint-plugin": "^5.50.0",
                "@typescript-eslint/parser": "^5.50.0",
                "@yisibl/fontkit": "^2.0.2",
                "ava": "^5.1.1",
                "benny": "^3.7.1",
                "chalk": "^5.2.0",
                "eslint": "^8.33.0",
                "eslint-config-prettier": "^8.6.0",
                "eslint-plugin-import": "^2.27.5",
                "eslint-plugin-prettier": "^4.2.1",
                "husky": "^8.0.3",
                "lint-staged": "^13.1.0",
                "npm-run-all": "^4.1.5",
                "prettier": "^2.8.3",
                "typescript": "^4.9.5",
                "wawoff2": "^2.0.1",
                "woff2-next": "^0.0.2"
            },
            "engines": {
                "node": ">= 10"
            },
            "optionalDependencies": {
                "@woff2/woff2-rs-android-arm-eabi": "1.0.1",
                "@woff2/woff2-rs-android-arm64": "1.0.1",
                "@woff2/woff2-rs-darwin-arm64": "1.0.1",
                "@woff2/woff2-rs-darwin-x64": "1.0.1",
                "@woff2/woff2-rs-freebsd-x64": "1.0.1",
                "@woff2/woff2-rs-linux-arm-gnueabihf": "1.0.1",
                "@woff2/woff2-rs-linux-arm64-gnu": "1.0.1",
                "@woff2/woff2-rs-linux-arm64-musl": "1.0.1",
                "@woff2/woff2-rs-linux-x64-gnu": "1.0.1",
                "@woff2/woff2-rs-linux-x64-musl": "1.0.1",
                "@woff2/woff2-rs-win32-arm64-msvc": "1.0.1",
                "@woff2/woff2-rs-win32-ia32-msvc": "1.0.1",
                "@woff2/woff2-rs-win32-x64-msvc": "1.0.1"
            }
        },
        "node_modules/@woff2/woff2-rs": {
            "resolved": "../../node_modules/.pnpm/@woff2+woff2-rs@1.0.1/node_modules/@woff2/woff2-rs",
            "link": true
        },
        "node_modules/@woff2/woff2-rs-win32-x64-msvc": {
            "version": "1.0.1",
            "resolved": "https://registry.npmjs.org/@woff2/woff2-rs-win32-x64-msvc/-/woff2-rs-win32-x64-msvc-1.0.1.tgz",
            "integrity": "sha512-3DnoruAC1+76kvA0Xjy03YhpsYAAp0vM+5IWxjsh8XTMRhQbhMa8thkctyD1uwlS1E+qbVbfZCs4EytDy98tEA==",
            "cpu": [
                "x64"
            ],
            "dev": true,
            "os": [
                "win32"
            ],
            "engines": {
                "node": ">= 10"
            }
        },
        "node_modules/imagescript": {
            "version": "1.2.16",
            "resolved": "https://registry.npmjs.org/imagescript/-/imagescript-1.2.16.tgz",
            "integrity": "sha512-hhy8OVNymU+cYYj8IwCbdNlXJRoMr4HRd7+efkH32eBVfybVU/5SbzDYf3ZSiiF9ye/ghfBrI/ujec/nwl+fOQ==",
            "engines": {
                "node": ">=14.0.0"
            }
        }
    },
    "dependencies": {
        "@woff2/woff2-rs": {
            "version": "file:../../node_modules/.pnpm/@woff2+woff2-rs@1.0.1/node_modules/@woff2/woff2-rs",
            "requires": {
                "@napi-rs/cli": "^2.14.6",
                "@napi-rs/ttf2woff2": "^0.0.5",
                "@swc-node/register": "^1.5.5",
                "@swc/core": "^1.3.32",
                "@types/node": "^18.11.19",
                "@typescript-eslint/eslint-plugin": "^5.50.0",
                "@typescript-eslint/parser": "^5.50.0",
                "@woff2/woff2-rs-android-arm-eabi": "1.0.1",
                "@woff2/woff2-rs-android-arm64": "1.0.1",
                "@woff2/woff2-rs-darwin-arm64": "1.0.1",
                "@woff2/woff2-rs-darwin-x64": "1.0.1",
                "@woff2/woff2-rs-freebsd-x64": "1.0.1",
                "@woff2/woff2-rs-linux-arm-gnueabihf": "1.0.1",
                "@woff2/woff2-rs-linux-arm64-gnu": "1.0.1",
                "@woff2/woff2-rs-linux-arm64-musl": "1.0.1",
                "@woff2/woff2-rs-linux-x64-gnu": "1.0.1",
                "@woff2/woff2-rs-linux-x64-musl": "1.0.1",
                "@woff2/woff2-rs-win32-arm64-msvc": "1.0.1",
                "@woff2/woff2-rs-win32-ia32-msvc": "1.0.1",
                "@woff2/woff2-rs-win32-x64-msvc": "1.0.1",
                "@yisibl/fontkit": "^2.0.2",
                "ava": "^5.1.1",
                "benny": "^3.7.1",
                "chalk": "^5.2.0",
                "eslint": "^8.33.0",
                "eslint-config-prettier": "^8.6.0",
                "eslint-plugin-import": "^2.27.5",
                "eslint-plugin-prettier": "^4.2.1",
                "husky": "^8.0.3",
                "lint-staged": "^13.1.0",
                "npm-run-all": "^4.1.5",
                "prettier": "^2.8.3",
                "typescript": "^4.9.5",
                "wawoff2": "^2.0.1",
                "woff2-next": "^0.0.2"
            }
        },
        "@woff2/woff2-rs-win32-x64-msvc": {
            "version": "1.0.1",
            "resolved": "https://registry.npmjs.org/@woff2/woff2-rs-win32-x64-msvc/-/woff2-rs-win32-x64-msvc-1.0.1.tgz",
            "integrity": "sha512-3DnoruAC1+76kvA0Xjy03YhpsYAAp0vM+5IWxjsh8XTMRhQbhMa8thkctyD1uwlS1E+qbVbfZCs4EytDy98tEA==",
            "dev": true
        },
        "imagescript": {
            "version": "1.2.16",
            "resolved": "https://registry.npmjs.org/imagescript/-/imagescript-1.2.16.tgz",
            "integrity": "sha512-hhy8OVNymU+cYYj8IwCbdNlXJRoMr4HRd7+efkH32eBVfybVU/5SbzDYf3ZSiiF9ye/ghfBrI/ujec/nwl+fOQ=="
        }
    }
}
