{
    "name": "worker-transfer",
    "version": "1.0.0",
    "lockfileVersion": 3,
    "requires": true,
    "packages": {
        "": {
            "name": "worker-transfer",
            "version": "1.0.0",
            "license": "ISC",
            "devDependencies": {
                "@types/node": "^20.3.1"
            }
        },
        "node_modules/@types/node": {
            "version": "20.3.1",
            "resolved": "https://registry.npmjs.org/@types/node/-/node-20.3.1.tgz",
            "integrity": "sha512-EhcH/wvidPy1WeML3TtYFGR83UzjxeWRen9V402T8aUGYsCHOmfoisV3ZSg03gAFIbLq8TnWOJ0f4cALtnSEUg==",
            "dev": true
        }
    }
}
